
Microsoft Visual Studio Solution File, Format Version 12.00
# Visual Studio Version 17
VisualStudioVersion = 17.7.34003.232
MinimumVisualStudioVersion = 10.0.40219.1
Project("{FAE04EC0-301F-11D3-BF4B-00C04F79EFBC}") = "Degiskenler_char", "Degiskenler_char.csproj", "{6E17FD49-5AFF-488E-8C55-14199158A7AD}"
EndProject
Global
	GlobalSection(SolutionConfigurationPlatforms) = preSolution
		Debug|Any CPU = Debug|Any CPU
		Release|Any CPU = Release|Any CPU
	EndGlobalSection
	GlobalSection(ProjectConfigurationPlatforms) = postSolution
		{6E17FD49-5AFF-488E-8C55-14199158A7AD}.Debug|Any CPU.ActiveCfg = Debug|Any CPU
		{6E17FD49-5AFF-488E-8C55-14199158A7AD}.Debug|Any CPU.Build.0 = Debug|Any CPU
		{6E17FD49-5AFF-488E-8C55-14199158A7AD}.Release|Any CPU.ActiveCfg = Release|Any CPU
		{6E17FD49-5AFF-488E-8C55-14199158A7AD}.Release|Any CPU.Build.0 = Release|Any CPU
	EndGlobalSection
	GlobalSection(SolutionProperties) = preSolution
		HideSolutionNode = FALSE
	EndGlobalSection
	GlobalSection(ExtensibilityGlobals) = postSolution
		SolutionGuid = {9586EFE6-655A-4F19-83FB-0A11A4F08550}
	EndGlobalSection
EndGlobal
